# THIS IS AN AUTOGENERATED FILE. DO NOT EDIT THIS FILE DIRECTLY.
# yarn lockfile v1


angular-route@^1.8.2:
  version "1.8.2"
  resolved "https://registry.npm.taobao.org/angular-route/download/angular-route-1.8.2.tgz#d482bf05a8c9e448300acd8f9989c635d31b5077"
  integrity sha1-1IK/BajJ5EgwCs2PmYnGNdMbUHc=

angular-websocket@^2.0.1:
  version "2.0.1"
  resolved "https://registry.npm.taobao.org/angular-websocket/download/angular-websocket-2.0.1.tgz#0fb4d60ed9018be583d031eec4e56b457cb8dcee"
  integrity sha1-D7TWDtkBi+WD0DHuxOVrRXy43O4=
  dependencies:
    angular "*"
    ws "^1.0.0"

angular@*, angular@^1.8.2:
  version "1.8.2"
  resolved "https://registry.npm.taobao.org/angular/download/angular-1.8.2.tgz#5983bbb5a9fa63e213cb7749199e0d352de3a2f1"
  integrity sha1-WYO7tan6Y+ITy3dJGZ4NNS3jovE=

echarts@^5.2.2:
  version "5.2.2"
  resolved "https://registry.npmmirror.com/echarts/download/echarts-5.2.2.tgz#ec3c8b2a151cbba71ba3c2c7cf9b2f2047ce4370"
  integrity sha512-yxuBfeIH5c+0FsoRP60w4De6omXhA06c7eUYBsC1ykB6Ys2yK5fSteIYWvkJ4xJVLQgCvAdO8C4mN6MLeJpBaw==
  dependencies:
    tslib "2.3.0"
    zrender "5.2.1"

jquery@^3.6.0:
  version "3.6.0"
  resolved "https://registry.npmmirror.com/jquery/download/jquery-3.6.0.tgz#c72a09f15c1bdce142f49dbf1170bdf8adac2470"
  integrity sha512-JVzAR/AjBvVt2BmYhxRCSYysDsPcssdmTFnzyLEts9qNwmjmu4JTAMYubEfwVOSwpQ1I1sKKFcxhZCI2buerfw==

options@>=0.0.5:
  version "0.0.6"
  resolved "https://registry.nlark.com/options/download/options-0.0.6.tgz#ec22d312806bb53e731773e7cdaefcf1c643128f"
  integrity sha1-7CLTEoBrtT5zF3Pnza788cZDEo8=

tslib@2.3.0:
  version "2.3.0"
  resolved "https://registry.nlark.com/tslib/download/tslib-2.3.0.tgz#803b8cdab3e12ba581a4ca41c8839bbb0dacb09e"
  integrity sha1-gDuM2rPhK6WBpMpByIObuw2ssJ4=

ultron@1.0.x:
  version "1.0.2"
  resolved "https://registry.npm.taobao.org/ultron/download/ultron-1.0.2.tgz#ace116ab557cd197386a4e88f4685378c8b2e4fa"
  integrity sha1-rOEWq1V80Zc4ak6I9GhTeMiy5Po=

ws@^1.0.0:
  version "1.1.5"
  resolved "https://registry.npmmirror.com/ws/download/ws-1.1.5.tgz#cbd9e6e75e09fc5d2c90015f21f0c40875e0dd51"
  integrity sha1-y9nm514J/F0skAFfIfDECHXg3VE=
  dependencies:
    options ">=0.0.5"
    ultron "1.0.x"

zrender@5.2.1:
  version "5.2.1"
  resolved "https://registry.nlark.com/zrender/download/zrender-5.2.1.tgz#5f4bbda915ba6d412b0b19dc2431beaad05417bb"
  integrity sha1-X0u9qRW6bUErCxncJDG+qtBUF7s=
  dependencies:
    tslib "2.3.0"

zui@^1.10.0:
  version "1.10.0"
  resolved "https://registry.npmmirror.com/zui/download/zui-1.10.0.tgz#7e97e962875896e8cee7cbd308fe614cec79929f"
  integrity sha1-fpfpYodYlujO58vTCP5hTOx5kp8=
